<?xml version="1.0" encoding="UTF-8"?>
<Scheme
   version = "1.3">
   <BuildAction>
      <BuildActionEntries>
         <BuildActionEntry
            buildForRunning = "YES">
            <BuildableReference
               BuildableIdentifier = "primary"
               BlueprintIdentifier = "68577B5CE9BF540BBF47253F"
               BuildableName = "07AdaptorPattern"
               BlueprintName = "07AdaptorPattern"
               ReferencedContainer = "container:07AdaptorPattern.xcodeproj">
            </BuildableReference>
         </BuildActionEntry>
      </BuildActionEntries>
   </BuildAction>
   <LaunchAction
      useCustomWorkingDirectory = "NO"
      buildConfiguration = "Debug"
      allowLocationSimulation = "YES">
      <BuildableProductRunnable>
         <BuildableReference
            BuildableIdentifier = "primary"
            BlueprintIdentifier = "68577B5CE9BF540BBF47253F"
            BuildableName = "07AdaptorPattern"
            BlueprintName = "07AdaptorPattern"
            ReferencedContainer = "container:07AdaptorPattern.xcodeproj">
         </BuildableReference>
      </BuildableProductRunnable>
   </LaunchAction>
</Scheme>
