<?xml version="1.0" encoding="UTF-8"?>
<Scheme
   version = "1.3">
   <BuildAction>
      <BuildActionEntries>
         <BuildActionEntry
            buildForRunning = "YES">
            <BuildableReference
               BuildableIdentifier = "primary"
               BlueprintIdentifier = "685773AE302D0C44B2EEFDBD"
               BuildableName = "06CommandPattern"
               BlueprintName = "06CommandPattern"
               ReferencedContainer = "container:06CommandPattern.xcodeproj">
            </BuildableReference>
         </BuildActionEntry>
      </BuildActionEntries>
   </BuildAction>
   <LaunchAction
      useCustomWorkingDirectory = "NO"
      buildConfiguration = "Debug"
      allowLocationSimulation = "YES">
      <BuildableProductRunnable>
         <BuildableReference
            BuildableIdentifier = "primary"
            BlueprintIdentifier = "685773AE302D0C44B2EEFDBD"
            BuildableName = "06CommandPattern"
            BlueprintName = "06CommandPattern"
            ReferencedContainer = "container:06CommandPattern.xcodeproj">
         </BuildableReference>
      </BuildableProductRunnable>
   </LaunchAction>
</Scheme>
