<?xml version="1.0" encoding="UTF-8"?>
<Scheme
   version = "1.3">
   <BuildAction>
      <BuildActionEntries>
         <BuildActionEntry
            buildForRunning = "YES">
            <BuildableReference
               BuildableIdentifier = "primary"
               BlueprintIdentifier = "6857711471DD379BB09FDD92"
               BuildableName = "05SingletonPattern"
               BlueprintName = "05SingletonPattern"
               ReferencedContainer = "container:05SingletonPattern.xcodeproj">
            </BuildableReference>
         </BuildActionEntry>
      </BuildActionEntries>
   </BuildAction>
   <LaunchAction
      useCustomWorkingDirectory = "NO"
      buildConfiguration = "Debug"
      allowLocationSimulation = "YES">
      <BuildableProductRunnable>
         <BuildableReference
            BuildableIdentifier = "primary"
            BlueprintIdentifier = "6857711471DD379BB09FDD92"
            BuildableName = "05SingletonPattern"
            BlueprintName = "05SingletonPattern"
            ReferencedContainer = "container:05SingletonPattern.xcodeproj">
         </BuildableReference>
      </BuildableProductRunnable>
   </LaunchAction>
</Scheme>
